
Microsoft Visual Studio Solution File, Format Version 12.00
# Visual Studio Version 17
VisualStudioVersion = 17.13.35825.156 d17.13
MinimumVisualStudioVersion = 10.0.40219.1
Project("{FAE04EC0-301F-11D3-BF4B-00C04F79EFBC}") = "Airline_Reservation_Console_SystemCSharp_List", "Airline_Reservation_Console_SystemCSharp_List.csproj", "{3E26C7DD-5B43-4B99-98EA-F7CED9B7C763}"
EndProject
Global
	GlobalSection(SolutionConfigurationPlatforms) = preSolution
		Debug|Any CPU = Debug|Any CPU
		Release|Any CPU = Release|Any CPU
	EndGlobalSection
	GlobalSection(ProjectConfigurationPlatforms) = postSolution
		{3E26C7DD-5B43-4B99-98EA-F7CED9B7C763}.Debug|Any CPU.ActiveCfg = Debug|Any CPU
		{3E26C7DD-5B43-4B99-98EA-F7CED9B7C763}.Debug|Any CPU.Build.0 = Debug|Any CPU
		{3E26C7DD-5B43-4B99-98EA-F7CED9B7C763}.Release|Any CPU.ActiveCfg = Release|Any CPU
		{3E26C7DD-5B43-4B99-98EA-F7CED9B7C763}.Release|Any CPU.Build.0 = Release|Any CPU
	EndGlobalSection
	GlobalSection(SolutionProperties) = preSolution
		HideSolutionNode = FALSE
	EndGlobalSection
	GlobalSection(ExtensibilityGlobals) = postSolution
		SolutionGuid = {D7B9E997-F9A9-4F61-8359-824E968D04D2}
	EndGlobalSection
EndGlobal
